
Microsoft Visual Studio Solution File, Format Version 12.00
# Visual Studio Version 16
VisualStudioVersion = 16.0.29709.97
MinimumVisualStudioVersion = 10.0.40219.1
Project("{FAE04EC0-301F-11D3-BF4B-00C04F79EFBC}") = "WebAPI", "WebAPI\WebAPI.csproj", "{365A3EB0-5509-4936-8F30-6D9024FF6470}"
EndProject
Project("{FAE04EC0-301F-11D3-BF4B-00C04F79EFBC}") = "AppTurismo", "AppTurismo\AppTurismo.csproj", "{6986F264-7E4A-4656-80D7-49D4CE660A28}"
EndProject
Global
	GlobalSection(SolutionConfigurationPlatforms) = preSolution
		Debug|Any CPU = Debug|Any CPU
		Release|Any CPU = Release|Any CPU
	EndGlobalSection
	GlobalSection(ProjectConfigurationPlatforms) = postSolution
		{365A3EB0-5509-4936-8F30-6D9024FF6470}.Debug|Any CPU.ActiveCfg = Debug|Any CPU
		{365A3EB0-5509-4936-8F30-6D9024FF6470}.Debug|Any CPU.Build.0 = Debug|Any CPU
		{365A3EB0-5509-4936-8F30-6D9024FF6470}.Release|Any CPU.ActiveCfg = Release|Any CPU
		{365A3EB0-5509-4936-8F30-6D9024FF6470}.Release|Any CPU.Build.0 = Release|Any CPU
		{6986F264-7E4A-4656-80D7-49D4CE660A28}.Debug|Any CPU.ActiveCfg = Debug|Any CPU
		{6986F264-7E4A-4656-80D7-49D4CE660A28}.Debug|Any CPU.Build.0 = Debug|Any CPU
		{6986F264-7E4A-4656-80D7-49D4CE660A28}.Release|Any CPU.ActiveCfg = Release|Any CPU
		{6986F264-7E4A-4656-80D7-49D4CE660A28}.Release|Any CPU.Build.0 = Release|Any CPU
	EndGlobalSection
	GlobalSection(SolutionProperties) = preSolution
		HideSolutionNode = FALSE
	EndGlobalSection
	GlobalSection(ExtensibilityGlobals) = postSolution
		SolutionGuid = {789B9F51-F1A8-4116-B8D9-6CDFCEE02DF3}
	EndGlobalSection
EndGlobal
